
Microsoft Visual Studio Solution File, Format Version 12.00
# Visual Studio Version 17
VisualStudioVersion = 17.4.33205.214
MinimumVisualStudioVersion = 10.0.40219.1
Project("{FAE04EC0-301F-11D3-BF4B-00C04F79EFBC}") = "StringLibriary", "StringLibriary\StringLibriary.csproj", "{A8E85FAD-2745-47BA-9279-946727A2E5AB}"
EndProject
Project("{FAE04EC0-301F-11D3-BF4B-00C04F79EFBC}") = "StringLibriaryTests", "StringLibriaryTests\StringLibriaryTests.csproj", "{C9AAAC89-0EB1-43FF-8533-781875675FA1}"
EndProject
Global
	GlobalSection(SolutionConfigurationPlatforms) = preSolution
		Debug|Any CPU = Debug|Any CPU
		Release|Any CPU = Release|Any CPU
	EndGlobalSection
	GlobalSection(ProjectConfigurationPlatforms) = postSolution
		{A8E85FAD-2745-47BA-9279-946727A2E5AB}.Debug|Any CPU.ActiveCfg = Debug|Any CPU
		{A8E85FAD-2745-47BA-9279-946727A2E5AB}.Debug|Any CPU.Build.0 = Debug|Any CPU
		{A8E85FAD-2745-47BA-9279-946727A2E5AB}.Release|Any CPU.ActiveCfg = Release|Any CPU
		{A8E85FAD-2745-47BA-9279-946727A2E5AB}.Release|Any CPU.Build.0 = Release|Any CPU
		{C9AAAC89-0EB1-43FF-8533-781875675FA1}.Debug|Any CPU.ActiveCfg = Debug|Any CPU
		{C9AAAC89-0EB1-43FF-8533-781875675FA1}.Debug|Any CPU.Build.0 = Debug|Any CPU
		{C9AAAC89-0EB1-43FF-8533-781875675FA1}.Release|Any CPU.ActiveCfg = Release|Any CPU
		{C9AAAC89-0EB1-43FF-8533-781875675FA1}.Release|Any CPU.Build.0 = Release|Any CPU
	EndGlobalSection
	GlobalSection(SolutionProperties) = preSolution
		HideSolutionNode = FALSE
	EndGlobalSection
	GlobalSection(ExtensibilityGlobals) = postSolution
		SolutionGuid = {22B8CC04-1134-4BC4-BD77-B1E8FB92AC72}
	EndGlobalSection
EndGlobal
